
Microsoft Visual Studio Solution File, Format Version 12.00
# Visual Studio Version 17
VisualStudioVersion = 17.5.002.0
MinimumVisualStudioVersion = 10.0.40219.1
Project("{9A19103F-16F7-4668-BE54-9A1E7A4F7556}") = "C#HelloNameConsole", "C#HelloNameConsole.csproj", "{37B7AC14-AF39-4E9A-96E8-A20666077563}"
EndProject
Global
	GlobalSection(SolutionConfigurationPlatforms) = preSolution
		Debug|Any CPU = Debug|Any CPU
		Release|Any CPU = Release|Any CPU
	EndGlobalSection
	GlobalSection(ProjectConfigurationPlatforms) = postSolution
		{37B7AC14-AF39-4E9A-96E8-A20666077563}.Debug|Any CPU.ActiveCfg = Debug|Any CPU
		{37B7AC14-AF39-4E9A-96E8-A20666077563}.Debug|Any CPU.Build.0 = Debug|Any CPU
		{37B7AC14-AF39-4E9A-96E8-A20666077563}.Release|Any CPU.ActiveCfg = Release|Any CPU
		{37B7AC14-AF39-4E9A-96E8-A20666077563}.Release|Any CPU.Build.0 = Release|Any CPU
	EndGlobalSection
	GlobalSection(SolutionProperties) = preSolution
		HideSolutionNode = FALSE
	EndGlobalSection
	GlobalSection(ExtensibilityGlobals) = postSolution
		SolutionGuid = {10695680-3A0B-4BC9-A610-F41D62643508}
	EndGlobalSection
EndGlobal
